
Microsoft Visual Studio Solution File, Format Version 12.00
# Visual Studio Version 17
VisualStudioVersion = 17.10.35027.167
MinimumVisualStudioVersion = 10.0.40219.1
Project("{FAE04EC0-301F-11D3-BF4B-00C04F79EFBC}") = "ApplicationPokedex", "ApplicationPokedex.csproj", "{BF300464-CF5C-4CC0-95EC-94FE7B539CAC}"
EndProject
Global
	GlobalSection(SolutionConfigurationPlatforms) = preSolution
		Debug|Any CPU = Debug|Any CPU
		Release|Any CPU = Release|Any CPU
	EndGlobalSection
	GlobalSection(ProjectConfigurationPlatforms) = postSolution
		{BF300464-CF5C-4CC0-95EC-94FE7B539CAC}.Debug|Any CPU.ActiveCfg = Debug|Any CPU
		{BF300464-CF5C-4CC0-95EC-94FE7B539CAC}.Debug|Any CPU.Build.0 = Debug|Any CPU
		{BF300464-CF5C-4CC0-95EC-94FE7B539CAC}.Debug|Any CPU.Deploy.0 = Debug|Any CPU
		{BF300464-CF5C-4CC0-95EC-94FE7B539CAC}.Release|Any CPU.ActiveCfg = Release|Any CPU
		{BF300464-CF5C-4CC0-95EC-94FE7B539CAC}.Release|Any CPU.Build.0 = Release|Any CPU
		{BF300464-CF5C-4CC0-95EC-94FE7B539CAC}.Release|Any CPU.Deploy.0 = Release|Any CPU
	EndGlobalSection
	GlobalSection(SolutionProperties) = preSolution
		HideSolutionNode = FALSE
	EndGlobalSection
	GlobalSection(ExtensibilityGlobals) = postSolution
		SolutionGuid = {14910AEC-C5EB-4954-B057-5D1826497874}
	EndGlobalSection
EndGlobal
